
Microsoft Visual Studio Solution File, Format Version 12.00
# Visual Studio Version 17
VisualStudioVersion = 17.7.34024.191
MinimumVisualStudioVersion = 10.0.40219.1
Project("{2150E333-8FDC-42A3-9474-1A3956D46DE8}") = "Solution Items", "Solution Items", "{89037676-98A4-4213-A7AB-13988A647CB6}"
	ProjectSection(SolutionItems) = preProject
		.gitignore = .gitignore
		azure-pipelines.yml = azure-pipelines.yml
		gitversion.yml = gitversion.yml
		LICENSE = LICENSE
		README.md = README.md
	EndProjectSection
EndProject
Project("{2150E333-8FDC-42A3-9474-1A3956D46DE8}") = "src", "src", "{31173082-2C87-490E-B4F5-F26B30E8BD57}"
EndProject
Project("{2150E333-8FDC-42A3-9474-1A3956D46DE8}") = "test", "test", "{89BADD37-9677-4785-AB6B-C7871DC02DF8}"
EndProject
Project("{9A19103F-16F7-4668-BE54-9A1E7A4F7556}") = "Labradoratory.Fetch.AddOn.SoftDelete.Test", "test\Labradoratory.Fetch.AddOn.SoftDelete.Test\Labradoratory.Fetch.AddOn.SoftDelete.Test.csproj", "{798C9D83-27DA-4EF8-A26C-8A774DA49718}"
EndProject
Project("{9A19103F-16F7-4668-BE54-9A1E7A4F7556}") = "Labradoratory.Fetch.AddOn.SoftDelete", "src\Labradoratory.Fetch.AddOn.SoftDelete\Labradoratory.Fetch.AddOn.SoftDelete.csproj", "{D5FB44F8-80DF-428E-9E47-8079CF5BD30F}"
EndProject
Global
	GlobalSection(SolutionConfigurationPlatforms) = preSolution
		Debug|Any CPU = Debug|Any CPU
		Release|Any CPU = Release|Any CPU
	EndGlobalSection
	GlobalSection(ProjectConfigurationPlatforms) = postSolution
		{798C9D83-27DA-4EF8-A26C-8A774DA49718}.Debug|Any CPU.ActiveCfg = Debug|Any CPU
		{798C9D83-27DA-4EF8-A26C-8A774DA49718}.Debug|Any CPU.Build.0 = Debug|Any CPU
		{798C9D83-27DA-4EF8-A26C-8A774DA49718}.Release|Any CPU.ActiveCfg = Release|Any CPU
		{798C9D83-27DA-4EF8-A26C-8A774DA49718}.Release|Any CPU.Build.0 = Release|Any CPU
		{D5FB44F8-80DF-428E-9E47-8079CF5BD30F}.Debug|Any CPU.ActiveCfg = Debug|Any CPU
		{D5FB44F8-80DF-428E-9E47-8079CF5BD30F}.Debug|Any CPU.Build.0 = Debug|Any CPU
		{D5FB44F8-80DF-428E-9E47-8079CF5BD30F}.Release|Any CPU.ActiveCfg = Release|Any CPU
		{D5FB44F8-80DF-428E-9E47-8079CF5BD30F}.Release|Any CPU.Build.0 = Release|Any CPU
	EndGlobalSection
	GlobalSection(SolutionProperties) = preSolution
		HideSolutionNode = FALSE
	EndGlobalSection
	GlobalSection(NestedProjects) = preSolution
		{798C9D83-27DA-4EF8-A26C-8A774DA49718} = {89BADD37-9677-4785-AB6B-C7871DC02DF8}
		{D5FB44F8-80DF-428E-9E47-8079CF5BD30F} = {31173082-2C87-490E-B4F5-F26B30E8BD57}
	EndGlobalSection
	GlobalSection(ExtensibilityGlobals) = postSolution
		SolutionGuid = {99E739AC-793D-44FE-A87D-54588E82045F}
	EndGlobalSection
EndGlobal
